// !$*UTF8*$!
{
	archiveVersion = 1;
	classes = {
	};
	objectVersion = 55;
	objects = {

/* Begin PBXBuildFile section */
		501819D9282751A400E41F1B /* CostInformationView.swift in Sources */ = {isa = PBXBuildFile; fileRef = 501819D8282751A400E41F1B /* CostInformationView.swift */; };
		501819DD28275A8000E41F1B /* ProgressBar.swift in Sources */ = {isa = PBXBuildFile; fileRef = 501819DC28275A8000E41F1B /* ProgressBar.swift */; };
		502F778C2821C4AC00D29E03 /* Constants.swift in Sources */ = {isa = PBXBuildFile; fileRef = 502F778B2821C4AC00D29E03 /* Constants.swift */; };
		503B250128283A8D00B86341 /* MoneyLeft.swift in Sources */ = {isa = PBXBuildFile; fileRef = 503B250028283A8D00B86341 /* MoneyLeft.swift */; };
		503B250328283AAD00B86341 /* TotalExpenses.swift in Sources */ = {isa = PBXBuildFile; fileRef = 503B250228283AAD00B86341 /* TotalExpenses.swift */; };
		503B250528283AFE00B86341 /* Salary.swift in Sources */ = {isa = PBXBuildFile; fileRef = 503B250428283AFE00B86341 /* Salary.swift */; };
		503B250828283CB100B86341 /* Color+extension.swift in Sources */ = {isa = PBXBuildFile; fileRef = 503B250728283CB100B86341 /* Color+extension.swift */; };
		503B250B2828450400B86341 /* BaseModel.swift in Sources */ = {isa = PBXBuildFile; fileRef = 503B250A2828450400B86341 /* BaseModel.swift */; };
		503B250D2828479400B86341 /* Spent+extension.swift in Sources */ = {isa = PBXBuildFile; fileRef = 503B250C2828479400B86341 /* Spent+extension.swift */; };
		503B250F282855C600B86341 /* Date+extension.swift in Sources */ = {isa = PBXBuildFile; fileRef = 503B250E282855C600B86341 /* Date+extension.swift */; };
		503B2511282864DA00B86341 /* CostInformationViewModel.swift in Sources */ = {isa = PBXBuildFile; fileRef = 503B2510282864DA00B86341 /* CostInformationViewModel.swift */; };
		503B251328286A4100B86341 /* User+extension.swift in Sources */ = {isa = PBXBuildFile; fileRef = 503B251228286A4100B86341 /* User+extension.swift */; };
		503B2515282877B300B86341 /* StatsCard.swift in Sources */ = {isa = PBXBuildFile; fileRef = 503B2514282877B300B86341 /* StatsCard.swift */; };
		503B25192828803C00B86341 /* CategoryPack.swift in Sources */ = {isa = PBXBuildFile; fileRef = 503B25182828803C00B86341 /* CategoryPack.swift */; };
		503B251B28288E4500B86341 /* CostCardViewModel.swift in Sources */ = {isa = PBXBuildFile; fileRef = 503B251A28288E4500B86341 /* CostCardViewModel.swift */; };
		5056E332281EB8A300A3588B /* financesApp.swift in Sources */ = {isa = PBXBuildFile; fileRef = 5056E331281EB8A300A3588B /* financesApp.swift */; };
		5056E334281EB8A300A3588B /* ContentView.swift in Sources */ = {isa = PBXBuildFile; fileRef = 5056E333281EB8A300A3588B /* ContentView.swift */; };
		5056E336281EB8A400A3588B /* Assets.xcassets in Resources */ = {isa = PBXBuildFile; fileRef = 5056E335281EB8A400A3588B /* Assets.xcassets */; };
		5056E339281EB8A400A3588B /* Preview Assets.xcassets in Resources */ = {isa = PBXBuildFile; fileRef = 5056E338281EB8A400A3588B /* Preview Assets.xcassets */; };
		5056E344281EB9CF00A3588B /* CostCard.swift in Sources */ = {isa = PBXBuildFile; fileRef = 5056E343281EB9CF00A3588B /* CostCard.swift */; };
		5056E349281EBA0100A3588B /* FinancesView.swift in Sources */ = {isa = PBXBuildFile; fileRef = 5056E348281EBA0100A3588B /* FinancesView.swift */; };
		5056E34B281EBA0F00A3588B /* FinancesViewModel.swift in Sources */ = {isa = PBXBuildFile; fileRef = 5056E34A281EBA0F00A3588B /* FinancesViewModel.swift */; };
		5056E34E281EBB3400A3588B /* WalletCard.swift in Sources */ = {isa = PBXBuildFile; fileRef = 5056E34D281EBB3400A3588B /* WalletCard.swift */; };
		5056E350281EBB4500A3588B /* WalletViewModel.swift in Sources */ = {isa = PBXBuildFile; fileRef = 5056E34F281EBB4500A3588B /* WalletViewModel.swift */; };
		5067B65B2823F9FD007DAA55 /* EnterType.swift in Sources */ = {isa = PBXBuildFile; fileRef = 5067B65A2823F9FD007DAA55 /* EnterType.swift */; };
		507227852822E892004548BE /* SpentCategory.swift in Sources */ = {isa = PBXBuildFile; fileRef = 507227842822E892004548BE /* SpentCategory.swift */; };
		507227882822F7E9004548BE /* AddSpentView.swift in Sources */ = {isa = PBXBuildFile; fileRef = 507227872822F7E9004548BE /* AddSpentView.swift */; };
		5072278B2822F9B8004548BE /* DataController.swift in Sources */ = {isa = PBXBuildFile; fileRef = 5072278A2822F9B8004548BE /* DataController.swift */; };
		5072278E2822FBD8004548BE /* FinancesModel.xcdatamodeld in Sources */ = {isa = PBXBuildFile; fileRef = 5072278C2822FBD8004548BE /* FinancesModel.xcdatamodeld */; };
		509407EC282355DE007ECF83 /* AddSpentViewModel.swift in Sources */ = {isa = PBXBuildFile; fileRef = 509407EB282355DE007ECF83 /* AddSpentViewModel.swift */; };
		509407EF28235B50007ECF83 /* FinancesHeaderView.swift in Sources */ = {isa = PBXBuildFile; fileRef = 509407EE28235B50007ECF83 /* FinancesHeaderView.swift */; };
		509407F228235BB6007ECF83 /* AllSpentsView.swift in Sources */ = {isa = PBXBuildFile; fileRef = 509407F128235BB6007ECF83 /* AllSpentsView.swift */; };
		509407F428235C11007ECF83 /* InitialView.swift in Sources */ = {isa = PBXBuildFile; fileRef = 509407F328235C11007ECF83 /* InitialView.swift */; };
		50958A8D28258F9C00746400 /* AddTextField.swift in Sources */ = {isa = PBXBuildFile; fileRef = 50958A8C28258F9C00746400 /* AddTextField.swift */; };
		50CABB242825965900471230 /* TypePicker.swift in Sources */ = {isa = PBXBuildFile; fileRef = 50CABB232825965900471230 /* TypePicker.swift */; };
/* End PBXBuildFile section */

/* Begin PBXFileReference section */
		501819D8282751A400E41F1B /* CostInformationView.swift */ = {isa = PBXFileReference; lastKnownFileType = sourcecode.swift; path = CostInformationView.swift; sourceTree = "<group>"; };
		501819DC28275A8000E41F1B /* ProgressBar.swift */ = {isa = PBXFileReference; lastKnownFileType = sourcecode.swift; path = ProgressBar.swift; sourceTree = "<group>"; };
		502F778B2821C4AC00D29E03 /* Constants.swift */ = {isa = PBXFileReference; lastKnownFileType = sourcecode.swift; path = Constants.swift; sourceTree = "<group>"; };
		503B250028283A8D00B86341 /* MoneyLeft.swift */ = {isa = PBXFileReference; lastKnownFileType = sourcecode.swift; path = MoneyLeft.swift; sourceTree = "<group>"; };
		503B250228283AAD00B86341 /* TotalExpenses.swift */ = {isa = PBXFileReference; lastKnownFileType = sourcecode.swift; path = TotalExpenses.swift; sourceTree = "<group>"; };
		503B250428283AFE00B86341 /* Salary.swift */ = {isa = PBXFileReference; lastKnownFileType = sourcecode.swift; path = Salary.swift; sourceTree = "<group>"; };
		503B250728283CB100B86341 /* Color+extension.swift */ = {isa = PBXFileReference; lastKnownFileType = sourcecode.swift; path = "Color+extension.swift"; sourceTree = "<group>"; };
		503B250A2828450400B86341 /* BaseModel.swift */ = {isa = PBXFileReference; lastKnownFileType = sourcecode.swift; path = BaseModel.swift; sourceTree = "<group>"; };
		503B250C2828479400B86341 /* Spent+extension.swift */ = {isa = PBXFileReference; lastKnownFileType = sourcecode.swift; path = "Spent+extension.swift"; sourceTree = "<group>"; };
		503B250E282855C600B86341 /* Date+extension.swift */ = {isa = PBXFileReference; lastKnownFileType = sourcecode.swift; path = "Date+extension.swift"; sourceTree = "<group>"; };
		503B2510282864DA00B86341 /* CostInformationViewModel.swift */ = {isa = PBXFileReference; lastKnownFileType = sourcecode.swift; path = CostInformationViewModel.swift; sourceTree = "<group>"; };
		503B251228286A4100B86341 /* User+extension.swift */ = {isa = PBXFileReference; lastKnownFileType = sourcecode.swift; path = "User+extension.swift"; sourceTree = "<group>"; };
		503B2514282877B300B86341 /* StatsCard.swift */ = {isa = PBXFileReference; lastKnownFileType = sourcecode.swift; path = StatsCard.swift; sourceTree = "<group>"; };
		503B25182828803C00B86341 /* CategoryPack.swift */ = {isa = PBXFileReference; lastKnownFileType = sourcecode.swift; path = CategoryPack.swift; sourceTree = "<group>"; };
		503B251A28288E4500B86341 /* CostCardViewModel.swift */ = {isa = PBXFileReference; lastKnownFileType = sourcecode.swift; path = CostCardViewModel.swift; sourceTree = "<group>"; };
		5056E32E281EB8A300A3588B /* finances.app */ = {isa = PBXFileReference; explicitFileType = wrapper.application; includeInIndex = 0; path = finances.app; sourceTree = BUILT_PRODUCTS_DIR; };
		5056E331281EB8A300A3588B /* financesApp.swift */ = {isa = PBXFileReference; lastKnownFileType = sourcecode.swift; path = financesApp.swift; sourceTree = "<group>"; };
		5056E333281EB8A300A3588B /* ContentView.swift */ = {isa = PBXFileReference; lastKnownFileType = sourcecode.swift; path = ContentView.swift; sourceTree = "<group>"; };
		5056E335281EB8A400A3588B /* Assets.xcassets */ = {isa = PBXFileReference; lastKnownFileType = folder.assetcatalog; path = Assets.xcassets; sourceTree = "<group>"; };
		5056E338281EB8A400A3588B /* Preview Assets.xcassets */ = {isa = PBXFileReference; lastKnownFileType = folder.assetcatalog; path = "Preview Assets.xcassets"; sourceTree = "<group>"; };
		5056E343281EB9CF00A3588B /* CostCard.swift */ = {isa = PBXFileReference; lastKnownFileType = sourcecode.swift; path = CostCard.swift; sourceTree = "<group>"; };
		5056E348281EBA0100A3588B /* FinancesView.swift */ = {isa = PBXFileReference; lastKnownFileType = sourcecode.swift; path = FinancesView.swift; sourceTree = "<group>"; };
		5056E34A281EBA0F00A3588B /* FinancesViewModel.swift */ = {isa = PBXFileReference; lastKnownFileType = sourcecode.swift; path = FinancesViewModel.swift; sourceTree = "<group>"; };
		5056E34D281EBB3400A3588B /* WalletCard.swift */ = {isa = PBXFileReference; lastKnownFileType = sourcecode.swift; path = WalletCard.swift; sourceTree = "<group>"; };
		5056E34F281EBB4500A3588B /* WalletViewModel.swift */ = {isa = PBXFileReference; lastKnownFileType = sourcecode.swift; path = WalletViewModel.swift; sourceTree = "<group>"; };
		5067B65A2823F9FD007DAA55 /* EnterType.swift */ = {isa = PBXFileReference; lastKnownFileType = sourcecode.swift; path = EnterType.swift; sourceTree = "<group>"; };
		507227842822E892004548BE /* SpentCategory.swift */ = {isa = PBXFileReference; lastKnownFileType = sourcecode.swift; path = SpentCategory.swift; sourceTree = "<group>"; };
		507227872822F7E9004548BE /* AddSpentView.swift */ = {isa = PBXFileReference; lastKnownFileType = sourcecode.swift; path = AddSpentView.swift; sourceTree = "<group>"; };
		5072278A2822F9B8004548BE /* DataController.swift */ = {isa = PBXFileReference; lastKnownFileType = sourcecode.swift; path = DataController.swift; sourceTree = "<group>"; };
		5072278D2822FBD8004548BE /* FinancesModel.xcdatamodel */ = {isa = PBXFileReference; lastKnownFileType = wrapper.xcdatamodel; path = FinancesModel.xcdatamodel; sourceTree = "<group>"; };
		509407EB282355DE007ECF83 /* AddSpentViewModel.swift */ = {isa = PBXFileReference; lastKnownFileType = sourcecode.swift; path = AddSpentViewModel.swift; sourceTree = "<group>"; };
		509407EE28235B50007ECF83 /* FinancesHeaderView.swift */ = {isa = PBXFileReference; lastKnownFileType = sourcecode.swift; path = FinancesHeaderView.swift; sourceTree = "<group>"; };
		509407F128235BB6007ECF83 /* AllSpentsView.swift */ = {isa = PBXFileReference; lastKnownFileType = sourcecode.swift; path = AllSpentsView.swift; sourceTree = "<group>"; };
		509407F328235C11007ECF83 /* InitialView.swift */ = {isa = PBXFileReference; lastKnownFileType = sourcecode.swift; path = InitialView.swift; sourceTree = "<group>"; };
		50958A8C28258F9C00746400 /* AddTextField.swift */ = {isa = PBXFileReference; lastKnownFileType = sourcecode.swift; path = AddTextField.swift; sourceTree = "<group>"; };
		50CABB232825965900471230 /* TypePicker.swift */ = {isa = PBXFileReference; lastKnownFileType = sourcecode.swift; path = TypePicker.swift; sourceTree = "<group>"; };
/* End PBXFileReference section */

/* Begin PBXFrameworksBuildPhase section */
		5056E32B281EB8A300A3588B /* Frameworks */ = {
			isa = PBXFrameworksBuildPhase;
			buildActionMask = 2147483647;
			files = (
			);
			runOnlyForDeploymentPostprocessing = 0;
		};
/* End PBXFrameworksBuildPhase section */

/* Begin PBXGroup section */
		501819DA282751A800E41F1B /* CostInformationView */ = {
			isa = PBXGroup;
			children = (
				501819DB28275A6A00E41F1B /* ProgressBar */,
				501819D8282751A400E41F1B /* CostInformationView.swift */,
				503B2510282864DA00B86341 /* CostInformationViewModel.swift */,
			);
			path = CostInformationView;
			sourceTree = "<group>";
		};
		501819DB28275A6A00E41F1B /* ProgressBar */ = {
			isa = PBXGroup;
			children = (
				501819DC28275A8000E41F1B /* ProgressBar.swift */,
			);
			path = ProgressBar;
			sourceTree = "<group>";
		};
		502F778A2821C48B00D29E03 /* Constants */ = {
			isa = PBXGroup;
			children = (
				502F778B2821C4AC00D29E03 /* Constants.swift */,
			);
			path = Constants;
			sourceTree = "<group>";
		};
		503B250628283C9800B86341 /* Extensions */ = {
			isa = PBXGroup;
			children = (
				503B250728283CB100B86341 /* Color+extension.swift */,
				503B250C2828479400B86341 /* Spent+extension.swift */,
				503B250E282855C600B86341 /* Date+extension.swift */,
				503B251228286A4100B86341 /* User+extension.swift */,
			);
			path = Extensions;
			sourceTree = "<group>";
		};
		503B2509282844F600B86341 /* Models */ = {
			isa = PBXGroup;
			children = (
				503B250A2828450400B86341 /* BaseModel.swift */,
			);
			path = Models;
			sourceTree = "<group>";
		};
		503B251C28289A3B00B86341 /* StatsCard */ = {
			isa = PBXGroup;
			children = (
				503B2514282877B300B86341 /* StatsCard.swift */,
			);
			path = StatsCard;
			sourceTree = "<group>";
		};
		5056E325281EB8A300A3588B = {
			isa = PBXGroup;
			children = (
				5056E330281EB8A300A3588B /* financeApp */,
				5056E32F281EB8A300A3588B /* Products */,
			);
			sourceTree = "<group>";
		};
		5056E32F281EB8A300A3588B /* Products */ = {
			isa = PBXGroup;
			children = (
				5056E32E281EB8A300A3588B /* finances.app */,
			);
			name = Products;
			sourceTree = "<group>";
		};
		5056E330281EB8A300A3588B /* financeApp */ = {
			isa = PBXGroup;
			children = (
				5056E340281EB95E00A3588B /* Coordinator */,
				502F778A2821C48B00D29E03 /* Constants */,
				5056E351281EBD5600A3588B /* Data */,
				503B250628283C9800B86341 /* Extensions */,
				5056E342281EB9A200A3588B /* LifeCycle */,
				503B2509282844F600B86341 /* Models */,
				5056E341281EB99600A3588B /* Others */,
				5056E337281EB8A400A3588B /* Preview Content */,
				507227832822E879004548BE /* Utils */,
				5056E33F281EB8D900A3588B /* View */,
			);
			path = financeApp;
			sourceTree = "<group>";
		};
		5056E337281EB8A400A3588B /* Preview Content */ = {
			isa = PBXGroup;
			children = (
				5056E338281EB8A400A3588B /* Preview Assets.xcassets */,
			);
			path = "Preview Content";
			sourceTree = "<group>";
		};
		5056E33F281EB8D900A3588B /* View */ = {
			isa = PBXGroup;
			children = (
				507227862822F7CD004548BE /* AddSpentView */,
				5056E345281EB9DF00A3588B /* CostCard */,
				501819DA282751A800E41F1B /* CostInformationView */,
				5056E346281EB9ED00A3588B /* FinancesView */,
				50CABB212825912A00471230 /* InitialView */,
				503B251C28289A3B00B86341 /* StatsCard */,
				5056E34C281EBB1600A3588B /* WalletCard */,
			);
			path = View;
			sourceTree = "<group>";
		};
		5056E340281EB95E00A3588B /* Coordinator */ = {
			isa = PBXGroup;
			children = (
			);
			path = Coordinator;
			sourceTree = "<group>";
		};
		5056E341281EB99600A3588B /* Others */ = {
			isa = PBXGroup;
			children = (
				5056E335281EB8A400A3588B /* Assets.xcassets */,
			);
			path = Others;
			sourceTree = "<group>";
		};
		5056E342281EB9A200A3588B /* LifeCycle */ = {
			isa = PBXGroup;
			children = (
				5056E331281EB8A300A3588B /* financesApp.swift */,
				5056E333281EB8A300A3588B /* ContentView.swift */,
			);
			path = LifeCycle;
			sourceTree = "<group>";
		};
		5056E345281EB9DF00A3588B /* CostCard */ = {
			isa = PBXGroup;
			children = (
				5056E343281EB9CF00A3588B /* CostCard.swift */,
				503B251A28288E4500B86341 /* CostCardViewModel.swift */,
			);
			path = CostCard;
			sourceTree = "<group>";
		};
		5056E346281EB9ED00A3588B /* FinancesView */ = {
			isa = PBXGroup;
			children = (
				509407F028235BA9007ECF83 /* AllSpentsView */,
				509407ED28235B31007ECF83 /* FinancesHeaderView */,
				5056E348281EBA0100A3588B /* FinancesView.swift */,
				5056E34A281EBA0F00A3588B /* FinancesViewModel.swift */,
			);
			path = FinancesView;
			sourceTree = "<group>";
		};
		5056E34C281EBB1600A3588B /* WalletCard */ = {
			isa = PBXGroup;
			children = (
				5056E34D281EBB3400A3588B /* WalletCard.swift */,
				5056E34F281EBB4500A3588B /* WalletViewModel.swift */,
				503B250028283A8D00B86341 /* MoneyLeft.swift */,
				503B250228283AAD00B86341 /* TotalExpenses.swift */,
				503B250428283AFE00B86341 /* Salary.swift */,
			);
			path = WalletCard;
			sourceTree = "<group>";
		};
		5056E351281EBD5600A3588B /* Data */ = {
			isa = PBXGroup;
			children = (
				5072278A2822F9B8004548BE /* DataController.swift */,
				5072278C2822FBD8004548BE /* FinancesModel.xcdatamodeld */,
			);
			path = Data;
			sourceTree = "<group>";
		};
		507227832822E879004548BE /* Utils */ = {
			isa = PBXGroup;
			children = (
				507227842822E892004548BE /* SpentCategory.swift */,
				5067B65A2823F9FD007DAA55 /* EnterType.swift */,
				503B25182828803C00B86341 /* CategoryPack.swift */,
			);
			path = Utils;
			sourceTree = "<group>";
		};
		507227862822F7CD004548BE /* AddSpentView */ = {
			isa = PBXGroup;
			children = (
				50CABB222825964A00471230 /* TypePicker */,
				50958A8B28258F8200746400 /* AddTextField */,
				507227872822F7E9004548BE /* AddSpentView.swift */,
				509407EB282355DE007ECF83 /* AddSpentViewModel.swift */,
			);
			path = AddSpentView;
			sourceTree = "<group>";
		};
		509407ED28235B31007ECF83 /* FinancesHeaderView */ = {
			isa = PBXGroup;
			children = (
				509407EE28235B50007ECF83 /* FinancesHeaderView.swift */,
			);
			path = FinancesHeaderView;
			sourceTree = "<group>";
		};
		509407F028235BA9007ECF83 /* AllSpentsView */ = {
			isa = PBXGroup;
			children = (
				509407F128235BB6007ECF83 /* AllSpentsView.swift */,
			);
			path = AllSpentsView;
			sourceTree = "<group>";
		};
		50958A8B28258F8200746400 /* AddTextField */ = {
			isa = PBXGroup;
			children = (
				50958A8C28258F9C00746400 /* AddTextField.swift */,
			);
			path = AddTextField;
			sourceTree = "<group>";
		};
		50CABB212825912A00471230 /* InitialView */ = {
			isa = PBXGroup;
			children = (
				509407F328235C11007ECF83 /* InitialView.swift */,
			);
			path = InitialView;
			sourceTree = "<group>";
		};
		50CABB222825964A00471230 /* TypePicker */ = {
			isa = PBXGroup;
			children = (
				50CABB232825965900471230 /* TypePicker.swift */,
			);
			path = TypePicker;
			sourceTree = "<group>";
		};
/* End PBXGroup section */

/* Begin PBXNativeTarget section */
		5056E32D281EB8A300A3588B /* finances */ = {
			isa = PBXNativeTarget;
			buildConfigurationList = 5056E33C281EB8A400A3588B /* Build configuration list for PBXNativeTarget "finances" */;
			buildPhases = (
				5056E32A281EB8A300A3588B /* Sources */,
				5056E32B281EB8A300A3588B /* Frameworks */,
				5056E32C281EB8A300A3588B /* Resources */,
			);
			buildRules = (
			);
			dependencies = (
			);
			name = finances;
			productName = financeApp;
			productReference = 5056E32E281EB8A300A3588B /* finances.app */;
			productType = "com.apple.product-type.application";
		};
/* End PBXNativeTarget section */

/* Begin PBXProject section */
		5056E326281EB8A300A3588B /* Project object */ = {
			isa = PBXProject;
			attributes = {
				BuildIndependentTargetsInParallel = 1;
				LastSwiftUpdateCheck = 1330;
				LastUpgradeCheck = 1330;
				TargetAttributes = {
					5056E32D281EB8A300A3588B = {
						CreatedOnToolsVersion = 13.3.1;
					};
				};
			};
			buildConfigurationList = 5056E329281EB8A300A3588B /* Build configuration list for PBXProject "finances" */;
			compatibilityVersion = "Xcode 13.0";
			developmentRegion = en;
			hasScannedForEncodings = 0;
			knownRegions = (
				en,
				Base,
			);
			mainGroup = 5056E325281EB8A300A3588B;
			productRefGroup = 5056E32F281EB8A300A3588B /* Products */;
			projectDirPath = "";
			projectRoot = "";
			targets = (
				5056E32D281EB8A300A3588B /* finances */,
			);
		};
/* End PBXProject section */

/* Begin PBXResourcesBuildPhase section */
		5056E32C281EB8A300A3588B /* Resources */ = {
			isa = PBXResourcesBuildPhase;
			buildActionMask = 2147483647;
			files = (
				5056E339281EB8A400A3588B /* Preview Assets.xcassets in Resources */,
				5056E336281EB8A400A3588B /* Assets.xcassets in Resources */,
			);
			runOnlyForDeploymentPostprocessing = 0;
		};
/* End PBXResourcesBuildPhase section */

/* Begin PBXSourcesBuildPhase section */
		5056E32A281EB8A300A3588B /* Sources */ = {
			isa = PBXSourcesBuildPhase;
			buildActionMask = 2147483647;
			files = (
				509407EF28235B50007ECF83 /* FinancesHeaderView.swift in Sources */,
				503B250828283CB100B86341 /* Color+extension.swift in Sources */,
				503B250328283AAD00B86341 /* TotalExpenses.swift in Sources */,
				503B2515282877B300B86341 /* StatsCard.swift in Sources */,
				509407F428235C11007ECF83 /* InitialView.swift in Sources */,
				503B25192828803C00B86341 /* CategoryPack.swift in Sources */,
				503B2511282864DA00B86341 /* CostInformationViewModel.swift in Sources */,
				5056E344281EB9CF00A3588B /* CostCard.swift in Sources */,
				503B251328286A4100B86341 /* User+extension.swift in Sources */,
				5056E349281EBA0100A3588B /* FinancesView.swift in Sources */,
				5056E34B281EBA0F00A3588B /* FinancesViewModel.swift in Sources */,
				50CABB242825965900471230 /* TypePicker.swift in Sources */,
				501819D9282751A400E41F1B /* CostInformationView.swift in Sources */,
				509407EC282355DE007ECF83 /* AddSpentViewModel.swift in Sources */,
				509407F228235BB6007ECF83 /* AllSpentsView.swift in Sources */,
				507227882822F7E9004548BE /* AddSpentView.swift in Sources */,
				5056E334281EB8A300A3588B /* ContentView.swift in Sources */,
				503B250F282855C600B86341 /* Date+extension.swift in Sources */,
				5072278B2822F9B8004548BE /* DataController.swift in Sources */,
				5072278E2822FBD8004548BE /* FinancesModel.xcdatamodeld in Sources */,
				503B251B28288E4500B86341 /* CostCardViewModel.swift in Sources */,
				501819DD28275A8000E41F1B /* ProgressBar.swift in Sources */,
				503B250B2828450400B86341 /* BaseModel.swift in Sources */,
				5056E34E281EBB3400A3588B /* WalletCard.swift in Sources */,
				503B250128283A8D00B86341 /* MoneyLeft.swift in Sources */,
				5067B65B2823F9FD007DAA55 /* EnterType.swift in Sources */,
				503B250D2828479400B86341 /* Spent+extension.swift in Sources */,
				507227852822E892004548BE /* SpentCategory.swift in Sources */,
				503B250528283AFE00B86341 /* Salary.swift in Sources */,
				5056E332281EB8A300A3588B /* financesApp.swift in Sources */,
				5056E350281EBB4500A3588B /* WalletViewModel.swift in Sources */,
				502F778C2821C4AC00D29E03 /* Constants.swift in Sources */,
				50958A8D28258F9C00746400 /* AddTextField.swift in Sources */,
			);
			runOnlyForDeploymentPostprocessing = 0;
		};
/* End PBXSourcesBuildPhase section */

/* Begin XCBuildConfiguration section */
		5056E33A281EB8A400A3588B /* Debug */ = {
			isa = XCBuildConfiguration;
			buildSettings = {
				ALWAYS_SEARCH_USER_PATHS = NO;
				CLANG_ANALYZER_NONNULL = YES;
				CLANG_ANALYZER_NUMBER_OBJECT_CONVERSION = YES_AGGRESSIVE;
				CLANG_CXX_LANGUAGE_STANDARD = "gnu++17";
				CLANG_ENABLE_MODULES = YES;
				CLANG_ENABLE_OBJC_ARC = YES;
				CLANG_ENABLE_OBJC_WEAK = YES;
				CLANG_WARN_BLOCK_CAPTURE_AUTORELEASING = YES;
				CLANG_WARN_BOOL_CONVERSION = YES;
				CLANG_WARN_COMMA = YES;
				CLANG_WARN_CONSTANT_CONVERSION = YES;
				CLANG_WARN_DEPRECATED_OBJC_IMPLEMENTATIONS = YES;
				CLANG_WARN_DIRECT_OBJC_ISA_USAGE = YES_ERROR;
				CLANG_WARN_DOCUMENTATION_COMMENTS = YES;
				CLANG_WARN_EMPTY_BODY = YES;
				CLANG_WARN_ENUM_CONVERSION = YES;
				CLANG_WARN_INFINITE_RECURSION = YES;
				CLANG_WARN_INT_CONVERSION = YES;
				CLANG_WARN_NON_LITERAL_NULL_CONVERSION = YES;
				CLANG_WARN_OBJC_IMPLICIT_RETAIN_SELF = YES;
				CLANG_WARN_OBJC_LITERAL_CONVERSION = YES;
				CLANG_WARN_OBJC_ROOT_CLASS = YES_ERROR;
				CLANG_WARN_QUOTED_INCLUDE_IN_FRAMEWORK_HEADER = YES;
				CLANG_WARN_RANGE_LOOP_ANALYSIS = YES;
				CLANG_WARN_STRICT_PROTOTYPES = YES;
				CLANG_WARN_SUSPICIOUS_MOVE = YES;
				CLANG_WARN_UNGUARDED_AVAILABILITY = YES_AGGRESSIVE;
				CLANG_WARN_UNREACHABLE_CODE = YES;
				CLANG_WARN__DUPLICATE_METHOD_MATCH = YES;
				COPY_PHASE_STRIP = NO;
				DEBUG_INFORMATION_FORMAT = dwarf;
				ENABLE_STRICT_OBJC_MSGSEND = YES;
				ENABLE_TESTABILITY = YES;
				GCC_C_LANGUAGE_STANDARD = gnu11;
				GCC_DYNAMIC_NO_PIC = NO;
				GCC_NO_COMMON_BLOCKS = YES;
				GCC_OPTIMIZATION_LEVEL = 0;
				GCC_PREPROCESSOR_DEFINITIONS = (
					"DEBUG=1",
					"$(inherited)",
				);
				GCC_WARN_64_TO_32_BIT_CONVERSION = YES;
				GCC_WARN_ABOUT_RETURN_TYPE = YES_ERROR;
				GCC_WARN_UNDECLARED_SELECTOR = YES;
				GCC_WARN_UNINITIALIZED_AUTOS = YES_AGGRESSIVE;
				GCC_WARN_UNUSED_FUNCTION = YES;
				GCC_WARN_UNUSED_VARIABLE = YES;
				IPHONEOS_DEPLOYMENT_TARGET = 15.4;
				MTL_ENABLE_DEBUG_INFO = INCLUDE_SOURCE;
				MTL_FAST_MATH = YES;
				ONLY_ACTIVE_ARCH = YES;
				SDKROOT = iphoneos;
				SWIFT_ACTIVE_COMPILATION_CONDITIONS = DEBUG;
				SWIFT_OPTIMIZATION_LEVEL = "-Onone";
			};
			name = Debug;
		};
		5056E33B281EB8A400A3588B /* Release */ = {
			isa = XCBuildConfiguration;
			buildSettings = {
				ALWAYS_SEARCH_USER_PATHS = NO;
				CLANG_ANALYZER_NONNULL = YES;
				CLANG_ANALYZER_NUMBER_OBJECT_CONVERSION = YES_AGGRESSIVE;
				CLANG_CXX_LANGUAGE_STANDARD = "gnu++17";
				CLANG_ENABLE_MODULES = YES;
				CLANG_ENABLE_OBJC_ARC = YES;
				CLANG_ENABLE_OBJC_WEAK = YES;
				CLANG_WARN_BLOCK_CAPTURE_AUTORELEASING = YES;
				CLANG_WARN_BOOL_CONVERSION = YES;
				CLANG_WARN_COMMA = YES;
				CLANG_WARN_CONSTANT_CONVERSION = YES;
				CLANG_WARN_DEPRECATED_OBJC_IMPLEMENTATIONS = YES;
				CLANG_WARN_DIRECT_OBJC_ISA_USAGE = YES_ERROR;
				CLANG_WARN_DOCUMENTATION_COMMENTS = YES;
				CLANG_WARN_EMPTY_BODY = YES;
				CLANG_WARN_ENUM_CONVERSION = YES;
				CLANG_WARN_INFINITE_RECURSION = YES;
				CLANG_WARN_INT_CONVERSION = YES;
				CLANG_WARN_NON_LITERAL_NULL_CONVERSION = YES;
				CLANG_WARN_OBJC_IMPLICIT_RETAIN_SELF = YES;
				CLANG_WARN_OBJC_LITERAL_CONVERSION = YES;
				CLANG_WARN_OBJC_ROOT_CLASS = YES_ERROR;
				CLANG_WARN_QUOTED_INCLUDE_IN_FRAMEWORK_HEADER = YES;
				CLANG_WARN_RANGE_LOOP_ANALYSIS = YES;
				CLANG_WARN_STRICT_PROTOTYPES = YES;
				CLANG_WARN_SUSPICIOUS_MOVE = YES;
				CLANG_WARN_UNGUARDED_AVAILABILITY = YES_AGGRESSIVE;
				CLANG_WARN_UNREACHABLE_CODE = YES;
				CLANG_WARN__DUPLICATE_METHOD_MATCH = YES;
				COPY_PHASE_STRIP = NO;
				DEBUG_INFORMATION_FORMAT = "dwarf-with-dsym";
				ENABLE_NS_ASSERTIONS = NO;
				ENABLE_STRICT_OBJC_MSGSEND = YES;
				GCC_C_LANGUAGE_STANDARD = gnu11;
				GCC_NO_COMMON_BLOCKS = YES;
				GCC_WARN_64_TO_32_BIT_CONVERSION = YES;
				GCC_WARN_ABOUT_RETURN_TYPE = YES_ERROR;
				GCC_WARN_UNDECLARED_SELECTOR = YES;
				GCC_WARN_UNINITIALIZED_AUTOS = YES_AGGRESSIVE;
				GCC_WARN_UNUSED_FUNCTION = YES;
				GCC_WARN_UNUSED_VARIABLE = YES;
				IPHONEOS_DEPLOYMENT_TARGET = 15.4;
				MTL_ENABLE_DEBUG_INFO = NO;
				MTL_FAST_MATH = YES;
				SDKROOT = iphoneos;
				SWIFT_COMPILATION_MODE = wholemodule;
				SWIFT_OPTIMIZATION_LEVEL = "-O";
				VALIDATE_PRODUCT = YES;
			};
			name = Release;
		};
		5056E33D281EB8A400A3588B /* Debug */ = {
			isa = XCBuildConfiguration;
			buildSettings = {
				ASSETCATALOG_COMPILER_APPICON_NAME = AppIcon;
				ASSETCATALOG_COMPILER_GLOBAL_ACCENT_COLOR_NAME = AccentColor;
				CODE_SIGN_STYLE = Automatic;
				CURRENT_PROJECT_VERSION = 1;
				DEVELOPMENT_ASSET_PATHS = "\"financeApp/Preview Content\"";
				DEVELOPMENT_TEAM = 22298649MR;
				ENABLE_PREVIEWS = YES;
				GENERATE_INFOPLIST_FILE = YES;
				INFOPLIST_KEY_UIApplicationSceneManifest_Generation = YES;
				INFOPLIST_KEY_UIApplicationSupportsIndirectInputEvents = YES;
				INFOPLIST_KEY_UILaunchScreen_Generation = YES;
				INFOPLIST_KEY_UISupportedInterfaceOrientations_iPad = "UIInterfaceOrientationPortrait UIInterfaceOrientationPortraitUpsideDown UIInterfaceOrientationLandscapeLeft UIInterfaceOrientationLandscapeRight";
				INFOPLIST_KEY_UISupportedInterfaceOrientations_iPhone = "UIInterfaceOrientationPortrait UIInterfaceOrientationLandscapeLeft UIInterfaceOrientationLandscapeRight";
				LD_RUNPATH_SEARCH_PATHS = (
					"$(inherited)",
					"@executable_path/Frameworks",
				);
				MARKETING_VERSION = 1.0;
				PRODUCT_BUNDLE_IDENTIFIER = com.min05.financeApp;
				PRODUCT_NAME = "$(TARGET_NAME)";
				SWIFT_EMIT_LOC_STRINGS = YES;
				SWIFT_VERSION = 5.0;
				TARGETED_DEVICE_FAMILY = "1,2";
			};
			name = Debug;
		};
		5056E33E281EB8A400A3588B /* Release */ = {
			isa = XCBuildConfiguration;
			buildSettings = {
				ASSETCATALOG_COMPILER_APPICON_NAME = AppIcon;
				ASSETCATALOG_COMPILER_GLOBAL_ACCENT_COLOR_NAME = AccentColor;
				CODE_SIGN_STYLE = Automatic;
				CURRENT_PROJECT_VERSION = 1;
				DEVELOPMENT_ASSET_PATHS = "\"financeApp/Preview Content\"";
				DEVELOPMENT_TEAM = 22298649MR;
				ENABLE_PREVIEWS = YES;
				GENERATE_INFOPLIST_FILE = YES;
				INFOPLIST_KEY_UIApplicationSceneManifest_Generation = YES;
				INFOPLIST_KEY_UIApplicationSupportsIndirectInputEvents = YES;
				INFOPLIST_KEY_UILaunchScreen_Generation = YES;
				INFOPLIST_KEY_UISupportedInterfaceOrientations_iPad = "UIInterfaceOrientationPortrait UIInterfaceOrientationPortraitUpsideDown UIInterfaceOrientationLandscapeLeft UIInterfaceOrientationLandscapeRight";
				INFOPLIST_KEY_UISupportedInterfaceOrientations_iPhone = "UIInterfaceOrientationPortrait UIInterfaceOrientationLandscapeLeft UIInterfaceOrientationLandscapeRight";
				LD_RUNPATH_SEARCH_PATHS = (
					"$(inherited)",
					"@executable_path/Frameworks",
				);
				MARKETING_VERSION = 1.0;
				PRODUCT_BUNDLE_IDENTIFIER = com.min05.financeApp;
				PRODUCT_NAME = "$(TARGET_NAME)";
				SWIFT_EMIT_LOC_STRINGS = YES;
				SWIFT_VERSION = 5.0;
				TARGETED_DEVICE_FAMILY = "1,2";
			};
			name = Release;
		};
/* End XCBuildConfiguration section */

/* Begin XCConfigurationList section */
		5056E329281EB8A300A3588B /* Build configuration list for PBXProject "finances" */ = {
			isa = XCConfigurationList;
			buildConfigurations = (
				5056E33A281EB8A400A3588B /* Debug */,
				5056E33B281EB8A400A3588B /* Release */,
			);
			defaultConfigurationIsVisible = 0;
			defaultConfigurationName = Release;
		};
		5056E33C281EB8A400A3588B /* Build configuration list for PBXNativeTarget "finances" */ = {
			isa = XCConfigurationList;
			buildConfigurations = (
				5056E33D281EB8A400A3588B /* Debug */,
				5056E33E281EB8A400A3588B /* Release */,
			);
			defaultConfigurationIsVisible = 0;
			defaultConfigurationName = Release;
		};
/* End XCConfigurationList section */

/* Begin XCVersionGroup section */
		5072278C2822FBD8004548BE /* FinancesModel.xcdatamodeld */ = {
			isa = XCVersionGroup;
			children = (
				5072278D2822FBD8004548BE /* FinancesModel.xcdatamodel */,
			);
			currentVersion = 5072278D2822FBD8004548BE /* FinancesModel.xcdatamodel */;
			path = FinancesModel.xcdatamodeld;
			sourceTree = "<group>";
			versionGroupType = wrapper.xcdatamodel;
		};
/* End XCVersionGroup section */
	};
	rootObject = 5056E326281EB8A300A3588B /* Project object */;
}
